// !$*UTF8*$!
{
	archiveVersion = 1;
	classes = {
	};
	objectVersion = 46;
	objects = {

/* Begin PBXBuildFile section */
		68A19F8191A86744B9A78FD5 /* Pods_GrailedChallenge.framework in Frameworks */ = {isa = PBXBuildFile; fileRef = 96D0ED443A350E2FD4B7B913 /* Pods_GrailedChallenge.framework */; };
		6909CFFD1EC278EA00EB774B /* AppDelegate.swift in Sources */ = {isa = PBXBuildFile; fileRef = 6909CFFC1EC278EA00EB774B /* AppDelegate.swift */; };
		6909D0021EC278EA00EB774B /* Main.storyboard in Resources */ = {isa = PBXBuildFile; fileRef = 6909D0001EC278EA00EB774B /* Main.storyboard */; };
		6909D0041EC278EA00EB774B /* Assets.xcassets in Resources */ = {isa = PBXBuildFile; fileRef = 6909D0031EC278EA00EB774B /* Assets.xcassets */; };
		6909D0071EC278EA00EB774B /* LaunchScreen.storyboard in Resources */ = {isa = PBXBuildFile; fileRef = 6909D0051EC278EA00EB774B /* LaunchScreen.storyboard */; };
		6909D0121EC278EB00EB774B /* GrailedChallengeTests.swift in Sources */ = {isa = PBXBuildFile; fileRef = 6909D0111EC278EB00EB774B /* GrailedChallengeTests.swift */; };
		6909D01D1EC27AFD00EB774B /* GrailedListViewController.swift in Sources */ = {isa = PBXBuildFile; fileRef = 6909D01C1EC27AFD00EB774B /* GrailedListViewController.swift */; };
		6909D0201EC27BD100EB774B /* DataService.swift in Sources */ = {isa = PBXBuildFile; fileRef = 6909D01F1EC27BD100EB774B /* DataService.swift */; };
		6909D0221EC2AD4700EB774B /* Item.swift in Sources */ = {isa = PBXBuildFile; fileRef = 6909D0211EC2AD4700EB774B /* Item.swift */; };
		6909D0241EC3534C00EB774B /* JJson.swift in Sources */ = {isa = PBXBuildFile; fileRef = 6909D0231EC3534C00EB774B /* JJson.swift */; };
		6909D0261EC3547600EB774B /* Utils.swift in Sources */ = {isa = PBXBuildFile; fileRef = 6909D0251EC3547600EB774B /* Utils.swift */; };
		8997BB83421D67BEF13F3F7A /* Pods_GrailedChallengeTests.framework in Frameworks */ = {isa = PBXBuildFile; fileRef = 7F70A0258B2AFF085FBB4BCE /* Pods_GrailedChallengeTests.framework */; };
/* End PBXBuildFile section */

/* Begin PBXContainerItemProxy section */
		6909D00E1EC278EB00EB774B /* PBXContainerItemProxy */ = {
			isa = PBXContainerItemProxy;
			containerPortal = 6909CFF11EC278EA00EB774B /* Project object */;
			proxyType = 1;
			remoteGlobalIDString = 6909CFF81EC278EA00EB774B;
			remoteInfo = GrailedChallenge;
		};
/* End PBXContainerItemProxy section */

/* Begin PBXFileReference section */
		2E5EC5D1B35B5A2242C0632E /* Pods-GrailedChallengeTests.debug.xcconfig */ = {isa = PBXFileReference; includeInIndex = 1; lastKnownFileType = text.xcconfig; name = "Pods-GrailedChallengeTests.debug.xcconfig"; path = "Pods/Target Support Files/Pods-GrailedChallengeTests/Pods-GrailedChallengeTests.debug.xcconfig"; sourceTree = "<group>"; };
		524E37A9C4758C51072C5DF9 /* Pods-GrailedChallenge.release.xcconfig */ = {isa = PBXFileReference; includeInIndex = 1; lastKnownFileType = text.xcconfig; name = "Pods-GrailedChallenge.release.xcconfig"; path = "Pods/Target Support Files/Pods-GrailedChallenge/Pods-GrailedChallenge.release.xcconfig"; sourceTree = "<group>"; };
		5365234E64FB852A07446AEE /* Pods-GrailedChallenge.debug.xcconfig */ = {isa = PBXFileReference; includeInIndex = 1; lastKnownFileType = text.xcconfig; name = "Pods-GrailedChallenge.debug.xcconfig"; path = "Pods/Target Support Files/Pods-GrailedChallenge/Pods-GrailedChallenge.debug.xcconfig"; sourceTree = "<group>"; };
		6909CFF91EC278EA00EB774B /* GrailedChallenge.app */ = {isa = PBXFileReference; explicitFileType = wrapper.application; includeInIndex = 0; path = GrailedChallenge.app; sourceTree = BUILT_PRODUCTS_DIR; };
		6909CFFC1EC278EA00EB774B /* AppDelegate.swift */ = {isa = PBXFileReference; lastKnownFileType = sourcecode.swift; path = AppDelegate.swift; sourceTree = "<group>"; };
		6909D0011EC278EA00EB774B /* Base */ = {isa = PBXFileReference; lastKnownFileType = file.storyboard; name = Base; path = Base.lproj/Main.storyboard; sourceTree = "<group>"; };
		6909D0031EC278EA00EB774B /* Assets.xcassets */ = {isa = PBXFileReference; lastKnownFileType = folder.assetcatalog; path = Assets.xcassets; sourceTree = "<group>"; };
		6909D0061EC278EA00EB774B /* Base */ = {isa = PBXFileReference; lastKnownFileType = file.storyboard; name = Base; path = Base.lproj/LaunchScreen.storyboard; sourceTree = "<group>"; };
		6909D0081EC278EA00EB774B /* Info.plist */ = {isa = PBXFileReference; lastKnownFileType = text.plist.xml; path = Info.plist; sourceTree = "<group>"; };
		6909D00D1EC278EB00EB774B /* GrailedChallengeTests.xctest */ = {isa = PBXFileReference; explicitFileType = wrapper.cfbundle; includeInIndex = 0; path = GrailedChallengeTests.xctest; sourceTree = BUILT_PRODUCTS_DIR; };
		6909D0111EC278EB00EB774B /* GrailedChallengeTests.swift */ = {isa = PBXFileReference; lastKnownFileType = sourcecode.swift; path = GrailedChallengeTests.swift; sourceTree = "<group>"; };
		6909D0131EC278EB00EB774B /* Info.plist */ = {isa = PBXFileReference; lastKnownFileType = text.plist.xml; path = Info.plist; sourceTree = "<group>"; };
		6909D01C1EC27AFD00EB774B /* GrailedListViewController.swift */ = {isa = PBXFileReference; fileEncoding = 4; lastKnownFileType = sourcecode.swift; path = GrailedListViewController.swift; sourceTree = "<group>"; };
		6909D01F1EC27BD100EB774B /* DataService.swift */ = {isa = PBXFileReference; fileEncoding = 4; lastKnownFileType = sourcecode.swift; path = DataService.swift; sourceTree = "<group>"; };
		6909D0211EC2AD4700EB774B /* Item.swift */ = {isa = PBXFileReference; fileEncoding = 4; lastKnownFileType = sourcecode.swift; path = Item.swift; sourceTree = "<group>"; };
		6909D0231EC3534C00EB774B /* JJson.swift */ = {isa = PBXFileReference; fileEncoding = 4; lastKnownFileType = sourcecode.swift; path = JJson.swift; sourceTree = "<group>"; };
		6909D0251EC3547600EB774B /* Utils.swift */ = {isa = PBXFileReference; fileEncoding = 4; lastKnownFileType = sourcecode.swift; path = Utils.swift; sourceTree = "<group>"; };
		70E6DC86D9E92F730A491223 /* Pods-GrailedChallengeTests.release.xcconfig */ = {isa = PBXFileReference; includeInIndex = 1; lastKnownFileType = text.xcconfig; name = "Pods-GrailedChallengeTests.release.xcconfig"; path = "Pods/Target Support Files/Pods-GrailedChallengeTests/Pods-GrailedChallengeTests.release.xcconfig"; sourceTree = "<group>"; };
		7F70A0258B2AFF085FBB4BCE /* Pods_GrailedChallengeTests.framework */ = {isa = PBXFileReference; explicitFileType = wrapper.framework; includeInIndex = 0; path = Pods_GrailedChallengeTests.framework; sourceTree = BUILT_PRODUCTS_DIR; };
		96D0ED443A350E2FD4B7B913 /* Pods_GrailedChallenge.framework */ = {isa = PBXFileReference; explicitFileType = wrapper.framework; includeInIndex = 0; path = Pods_GrailedChallenge.framework; sourceTree = BUILT_PRODUCTS_DIR; };
/* End PBXFileReference section */

/* Begin PBXFrameworksBuildPhase section */
		6909CFF61EC278EA00EB774B /* Frameworks */ = {
			isa = PBXFrameworksBuildPhase;
			buildActionMask = 2147483647;
			files = (
				68A19F8191A86744B9A78FD5 /* Pods_GrailedChallenge.framework in Frameworks */,
			);
			runOnlyForDeploymentPostprocessing = 0;
		};
		6909D00A1EC278EB00EB774B /* Frameworks */ = {
			isa = PBXFrameworksBuildPhase;
			buildActionMask = 2147483647;
			files = (
				8997BB83421D67BEF13F3F7A /* Pods_GrailedChallengeTests.framework in Frameworks */,
			);
			runOnlyForDeploymentPostprocessing = 0;
		};
/* End PBXFrameworksBuildPhase section */

/* Begin PBXGroup section */
		0DA6496195A9257AF20FECD2 /* Frameworks */ = {
			isa = PBXGroup;
			children = (
				96D0ED443A350E2FD4B7B913 /* Pods_GrailedChallenge.framework */,
				7F70A0258B2AFF085FBB4BCE /* Pods_GrailedChallengeTests.framework */,
			);
			name = Frameworks;
			sourceTree = "<group>";
		};
		53B989D581D4FB9B7904C686 /* Pods */ = {
			isa = PBXGroup;
			children = (
				5365234E64FB852A07446AEE /* Pods-GrailedChallenge.debug.xcconfig */,
				524E37A9C4758C51072C5DF9 /* Pods-GrailedChallenge.release.xcconfig */,
				2E5EC5D1B35B5A2242C0632E /* Pods-GrailedChallengeTests.debug.xcconfig */,
				70E6DC86D9E92F730A491223 /* Pods-GrailedChallengeTests.release.xcconfig */,
			);
			name = Pods;
			sourceTree = "<group>";
		};
		6909CFF01EC278EA00EB774B = {
			isa = PBXGroup;
			children = (
				6909CFFB1EC278EA00EB774B /* GrailedChallenge */,
				6909D0101EC278EB00EB774B /* GrailedChallengeTests */,
				6909CFFA1EC278EA00EB774B /* Products */,
				53B989D581D4FB9B7904C686 /* Pods */,
				0DA6496195A9257AF20FECD2 /* Frameworks */,
			);
			sourceTree = "<group>";
		};
		6909CFFA1EC278EA00EB774B /* Products */ = {
			isa = PBXGroup;
			children = (
				6909CFF91EC278EA00EB774B /* GrailedChallenge.app */,
				6909D00D1EC278EB00EB774B /* GrailedChallengeTests.xctest */,
			);
			name = Products;
			sourceTree = "<group>";
		};
		6909CFFB1EC278EA00EB774B /* GrailedChallenge */ = {
			isa = PBXGroup;
			children = (
				6909D0001EC278EA00EB774B /* Main.storyboard */,
				6909CFFC1EC278EA00EB774B /* AppDelegate.swift */,
				6909D01C1EC27AFD00EB774B /* GrailedListViewController.swift */,
				6909D01F1EC27BD100EB774B /* DataService.swift */,
				6909D0211EC2AD4700EB774B /* Item.swift */,
				6909D0231EC3534C00EB774B /* JJson.swift */,
				6909D0251EC3547600EB774B /* Utils.swift */,
				6909D01E1EC27B0A00EB774B /* Support */,
			);
			path = GrailedChallenge;
			sourceTree = "<group>";
		};
		6909D0101EC278EB00EB774B /* GrailedChallengeTests */ = {
			isa = PBXGroup;
			children = (
				6909D0111EC278EB00EB774B /* GrailedChallengeTests.swift */,
				6909D0131EC278EB00EB774B /* Info.plist */,
			);
			path = GrailedChallengeTests;
			sourceTree = "<group>";
		};
		6909D01E1EC27B0A00EB774B /* Support */ = {
			isa = PBXGroup;
			children = (
				6909D0031EC278EA00EB774B /* Assets.xcassets */,
				6909D0051EC278EA00EB774B /* LaunchScreen.storyboard */,
				6909D0081EC278EA00EB774B /* Info.plist */,
			);
			name = Support;
			sourceTree = "<group>";
		};
/* End PBXGroup section */

/* Begin PBXNativeTarget section */
		6909CFF81EC278EA00EB774B /* GrailedChallenge */ = {
			isa = PBXNativeTarget;
			buildConfigurationList = 6909D0161EC278EB00EB774B /* Build configuration list for PBXNativeTarget "GrailedChallenge" */;
			buildPhases = (
				24A9C925E732667B4E1681ED /* [CP] Check Pods Manifest.lock */,
				6909CFF51EC278EA00EB774B /* Sources */,
				6909CFF61EC278EA00EB774B /* Frameworks */,
				6909CFF71EC278EA00EB774B /* Resources */,
				690D9708FB0ED5FE317D947C /* [CP] Embed Pods Frameworks */,
				561F212C2E590C4DF9EB3E56 /* [CP] Copy Pods Resources */,
			);
			buildRules = (
			);
			dependencies = (
			);
			name = GrailedChallenge;
			productName = GrailedChallenge;
			productReference = 6909CFF91EC278EA00EB774B /* GrailedChallenge.app */;
			productType = "com.apple.product-type.application";
		};
		6909D00C1EC278EB00EB774B /* GrailedChallengeTests */ = {
			isa = PBXNativeTarget;
			buildConfigurationList = 6909D0191EC278EB00EB774B /* Build configuration list for PBXNativeTarget "GrailedChallengeTests" */;
			buildPhases = (
				35CC8CB066DCD8999A329942 /* [CP] Check Pods Manifest.lock */,
				6909D0091EC278EB00EB774B /* Sources */,
				6909D00A1EC278EB00EB774B /* Frameworks */,
				6909D00B1EC278EB00EB774B /* Resources */,
				3040C9EA685242643382B83D /* [CP] Embed Pods Frameworks */,
				DF335084BA6E2023BD51337D /* [CP] Copy Pods Resources */,
			);
			buildRules = (
			);
			dependencies = (
				6909D00F1EC278EB00EB774B /* PBXTargetDependency */,
			);
			name = GrailedChallengeTests;
			productName = GrailedChallengeTests;
			productReference = 6909D00D1EC278EB00EB774B /* GrailedChallengeTests.xctest */;
			productType = "com.apple.product-type.bundle.unit-test";
		};
/* End PBXNativeTarget section */

/* Begin PBXProject section */
		6909CFF11EC278EA00EB774B /* Project object */ = {
			isa = PBXProject;
			attributes = {
				LastSwiftUpdateCheck = 0820;
				LastUpgradeCheck = 0820;
				ORGANIZATIONNAME = jay;
				TargetAttributes = {
					6909CFF81EC278EA00EB774B = {
						CreatedOnToolsVersion = 8.2.1;
						DevelopmentTeam = P29986982Q;
						ProvisioningStyle = Automatic;
					};
					6909D00C1EC278EB00EB774B = {
						CreatedOnToolsVersion = 8.2.1;
						DevelopmentTeam = P29986982Q;
						ProvisioningStyle = Automatic;
						TestTargetID = 6909CFF81EC278EA00EB774B;
					};
				};
			};
			buildConfigurationList = 6909CFF41EC278EA00EB774B /* Build configuration list for PBXProject "GrailedChallenge" */;
			compatibilityVersion = "Xcode 3.2";
			developmentRegion = English;
			hasScannedForEncodings = 0;
			knownRegions = (
				en,
				Base,
			);
			mainGroup = 6909CFF01EC278EA00EB774B;
			productRefGroup = 6909CFFA1EC278EA00EB774B /* Products */;
			projectDirPath = "";
			projectRoot = "";
			targets = (
				6909CFF81EC278EA00EB774B /* GrailedChallenge */,
				6909D00C1EC278EB00EB774B /* GrailedChallengeTests */,
			);
		};
/* End PBXProject section */

/* Begin PBXResourcesBuildPhase section */
		6909CFF71EC278EA00EB774B /* Resources */ = {
			isa = PBXResourcesBuildPhase;
			buildActionMask = 2147483647;
			files = (
				6909D0071EC278EA00EB774B /* LaunchScreen.storyboard in Resources */,
				6909D0041EC278EA00EB774B /* Assets.xcassets in Resources */,
				6909D0021EC278EA00EB774B /* Main.storyboard in Resources */,
			);
			runOnlyForDeploymentPostprocessing = 0;
		};
		6909D00B1EC278EB00EB774B /* Resources */ = {
			isa = PBXResourcesBuildPhase;
			buildActionMask = 2147483647;
			files = (
			);
			runOnlyForDeploymentPostprocessing = 0;
		};
/* End PBXResourcesBuildPhase section */

/* Begin PBXShellScriptBuildPhase section */
		24A9C925E732667B4E1681ED /* [CP] Check Pods Manifest.lock */ = {
			isa = PBXShellScriptBuildPhase;
			buildActionMask = 2147483647;
			files = (
			);
			inputPaths = (
			);
			name = "[CP] Check Pods Manifest.lock";
			outputPaths = (
			);
			runOnlyForDeploymentPostprocessing = 0;
			shellPath = /bin/sh;
			shellScript = "diff \"${PODS_ROOT}/../Podfile.lock\" \"${PODS_ROOT}/Manifest.lock\" > /dev/null\nif [ $? != 0 ] ; then\n    # print error to STDERR\n    echo \"error: The sandbox is not in sync with the Podfile.lock. Run 'pod install' or update your CocoaPods installation.\" >&2\n    exit 1\nfi\n";
			showEnvVarsInLog = 0;
		};
		3040C9EA685242643382B83D /* [CP] Embed Pods Frameworks */ = {
			isa = PBXShellScriptBuildPhase;
			buildActionMask = 2147483647;
			files = (
			);
			inputPaths = (
			);
			name = "[CP] Embed Pods Frameworks";
			outputPaths = (
			);
			runOnlyForDeploymentPostprocessing = 0;
			shellPath = /bin/sh;
			shellScript = "\"${SRCROOT}/Pods/Target Support Files/Pods-GrailedChallengeTests/Pods-GrailedChallengeTests-frameworks.sh\"\n";
			showEnvVarsInLog = 0;
		};
		35CC8CB066DCD8999A329942 /* [CP] Check Pods Manifest.lock */ = {
			isa = PBXShellScriptBuildPhase;
			buildActionMask = 2147483647;
			files = (
			);
			inputPaths = (
			);
			name = "[CP] Check Pods Manifest.lock";
			outputPaths = (
			);
			runOnlyForDeploymentPostprocessing = 0;
			shellPath = /bin/sh;
			shellScript = "diff \"${PODS_ROOT}/../Podfile.lock\" \"${PODS_ROOT}/Manifest.lock\" > /dev/null\nif [ $? != 0 ] ; then\n    # print error to STDERR\n    echo \"error: The sandbox is not in sync with the Podfile.lock. Run 'pod install' or update your CocoaPods installation.\" >&2\n    exit 1\nfi\n";
			showEnvVarsInLog = 0;
		};
		561F212C2E590C4DF9EB3E56 /* [CP] Copy Pods Resources */ = {
			isa = PBXShellScriptBuildPhase;
			buildActionMask = 2147483647;
			files = (
			);
			inputPaths = (
			);
			name = "[CP] Copy Pods Resources";
			outputPaths = (
			);
			runOnlyForDeploymentPostprocessing = 0;
			shellPath = /bin/sh;
			shellScript = "\"${SRCROOT}/Pods/Target Support Files/Pods-GrailedChallenge/Pods-GrailedChallenge-resources.sh\"\n";
			showEnvVarsInLog = 0;
		};
		690D9708FB0ED5FE317D947C /* [CP] Embed Pods Frameworks */ = {
			isa = PBXShellScriptBuildPhase;
			buildActionMask = 2147483647;
			files = (
			);
			inputPaths = (
			);
			name = "[CP] Embed Pods Frameworks";
			outputPaths = (
			);
			runOnlyForDeploymentPostprocessing = 0;
			shellPath = /bin/sh;
			shellScript = "\"${SRCROOT}/Pods/Target Support Files/Pods-GrailedChallenge/Pods-GrailedChallenge-frameworks.sh\"\n";
			showEnvVarsInLog = 0;
		};
		DF335084BA6E2023BD51337D /* [CP] Copy Pods Resources */ = {
			isa = PBXShellScriptBuildPhase;
			buildActionMask = 2147483647;
			files = (
			);
			inputPaths = (
			);
			name = "[CP] Copy Pods Resources";
			outputPaths = (
			);
			runOnlyForDeploymentPostprocessing = 0;
			shellPath = /bin/sh;
			shellScript = "\"${SRCROOT}/Pods/Target Support Files/Pods-GrailedChallengeTests/Pods-GrailedChallengeTests-resources.sh\"\n";
			showEnvVarsInLog = 0;
		};
/* End PBXShellScriptBuildPhase section */

/* Begin PBXSourcesBuildPhase section */
		6909CFF51EC278EA00EB774B /* Sources */ = {
			isa = PBXSourcesBuildPhase;
			buildActionMask = 2147483647;
			files = (
				6909D0221EC2AD4700EB774B /* Item.swift in Sources */,
				6909D0241EC3534C00EB774B /* JJson.swift in Sources */,
				6909CFFD1EC278EA00EB774B /* AppDelegate.swift in Sources */,
				6909D01D1EC27AFD00EB774B /* GrailedListViewController.swift in Sources */,
				6909D0201EC27BD100EB774B /* DataService.swift in Sources */,
				6909D0261EC3547600EB774B /* Utils.swift in Sources */,
			);
			runOnlyForDeploymentPostprocessing = 0;
		};
		6909D0091EC278EB00EB774B /* Sources */ = {
			isa = PBXSourcesBuildPhase;
			buildActionMask = 2147483647;
			files = (
				6909D0121EC278EB00EB774B /* GrailedChallengeTests.swift in Sources */,
			);
			runOnlyForDeploymentPostprocessing = 0;
		};
/* End PBXSourcesBuildPhase section */

/* Begin PBXTargetDependency section */
		6909D00F1EC278EB00EB774B /* PBXTargetDependency */ = {
			isa = PBXTargetDependency;
			target = 6909CFF81EC278EA00EB774B /* GrailedChallenge */;
			targetProxy = 6909D00E1EC278EB00EB774B /* PBXContainerItemProxy */;
		};
/* End PBXTargetDependency section */

/* Begin PBXVariantGroup section */
		6909D0001EC278EA00EB774B /* Main.storyboard */ = {
			isa = PBXVariantGroup;
			children = (
				6909D0011EC278EA00EB774B /* Base */,
			);
			name = Main.storyboard;
			sourceTree = "<group>";
		};
		6909D0051EC278EA00EB774B /* LaunchScreen.storyboard */ = {
			isa = PBXVariantGroup;
			children = (
				6909D0061EC278EA00EB774B /* Base */,
			);
			name = LaunchScreen.storyboard;
			sourceTree = "<group>";
		};
/* End PBXVariantGroup section */

/* Begin XCBuildConfiguration section */
		6909D0141EC278EB00EB774B /* Debug */ = {
			isa = XCBuildConfiguration;
			buildSettings = {
				ALWAYS_SEARCH_USER_PATHS = NO;
				CLANG_ANALYZER_NONNULL = YES;
				CLANG_CXX_LANGUAGE_STANDARD = "gnu++0x";
				CLANG_CXX_LIBRARY = "libc++";
				CLANG_ENABLE_MODULES = YES;
				CLANG_ENABLE_OBJC_ARC = YES;
				CLANG_WARN_BOOL_CONVERSION = YES;
				CLANG_WARN_CONSTANT_CONVERSION = YES;
				CLANG_WARN_DIRECT_OBJC_ISA_USAGE = YES_ERROR;
				CLANG_WARN_DOCUMENTATION_COMMENTS = YES;
				CLANG_WARN_EMPTY_BODY = YES;
				CLANG_WARN_ENUM_CONVERSION = YES;
				CLANG_WARN_INFINITE_RECURSION = YES;
				CLANG_WARN_INT_CONVERSION = YES;
				CLANG_WARN_OBJC_ROOT_CLASS = YES_ERROR;
				CLANG_WARN_SUSPICIOUS_MOVE = YES;
				CLANG_WARN_UNREACHABLE_CODE = YES;
				CLANG_WARN__DUPLICATE_METHOD_MATCH = YES;
				"CODE_SIGN_IDENTITY[sdk=iphoneos*]" = "iPhone Developer";
				COPY_PHASE_STRIP = NO;
				DEBUG_INFORMATION_FORMAT = dwarf;
				ENABLE_STRICT_OBJC_MSGSEND = YES;
				ENABLE_TESTABILITY = YES;
				GCC_C_LANGUAGE_STANDARD = gnu99;
				GCC_DYNAMIC_NO_PIC = NO;
				GCC_NO_COMMON_BLOCKS = YES;
				GCC_OPTIMIZATION_LEVEL = 0;
				GCC_PREPROCESSOR_DEFINITIONS = (
					"DEBUG=1",
					"$(inherited)",
				);
				GCC_WARN_64_TO_32_BIT_CONVERSION = YES;
				GCC_WARN_ABOUT_RETURN_TYPE = YES_ERROR;
				GCC_WARN_UNDECLARED_SELECTOR = YES;
				GCC_WARN_UNINITIALIZED_AUTOS = YES_AGGRESSIVE;
				GCC_WARN_UNUSED_FUNCTION = YES;
				GCC_WARN_UNUSED_VARIABLE = YES;
				IPHONEOS_DEPLOYMENT_TARGET = 10.2;
				MTL_ENABLE_DEBUG_INFO = YES;
				ONLY_ACTIVE_ARCH = YES;
				SDKROOT = iphoneos;
				SWIFT_ACTIVE_COMPILATION_CONDITIONS = DEBUG;
				SWIFT_OPTIMIZATION_LEVEL = "-Onone";
			};
			name = Debug;
		};
		6909D0151EC278EB00EB774B /* Release */ = {
			isa = XCBuildConfiguration;
			buildSettings = {
				ALWAYS_SEARCH_USER_PATHS = NO;
				CLANG_ANALYZER_NONNULL = YES;
				CLANG_CXX_LANGUAGE_STANDARD = "gnu++0x";
				CLANG_CXX_LIBRARY = "libc++";
				CLANG_ENABLE_MODULES = YES;
				CLANG_ENABLE_OBJC_ARC = YES;
				CLANG_WARN_BOOL_CONVERSION = YES;
				CLANG_WARN_CONSTANT_CONVERSION = YES;
				CLANG_WARN_DIRECT_OBJC_ISA_USAGE = YES_ERROR;
				CLANG_WARN_DOCUMENTATION_COMMENTS = YES;
				CLANG_WARN_EMPTY_BODY = YES;
				CLANG_WARN_ENUM_CONVERSION = YES;
				CLANG_WARN_INFINITE_RECURSION = YES;
				CLANG_WARN_INT_CONVERSION = YES;
				CLANG_WARN_OBJC_ROOT_CLASS = YES_ERROR;
				CLANG_WARN_SUSPICIOUS_MOVE = YES;
				CLANG_WARN_UNREACHABLE_CODE = YES;
				CLANG_WARN__DUPLICATE_METHOD_MATCH = YES;
				"CODE_SIGN_IDENTITY[sdk=iphoneos*]" = "iPhone Developer";
				COPY_PHASE_STRIP = NO;
				DEBUG_INFORMATION_FORMAT = "dwarf-with-dsym";
				ENABLE_NS_ASSERTIONS = NO;
				ENABLE_STRICT_OBJC_MSGSEND = YES;
				GCC_C_LANGUAGE_STANDARD = gnu99;
				GCC_NO_COMMON_BLOCKS = YES;
				GCC_WARN_64_TO_32_BIT_CONVERSION = YES;
				GCC_WARN_ABOUT_RETURN_TYPE = YES_ERROR;
				GCC_WARN_UNDECLARED_SELECTOR = YES;
				GCC_WARN_UNINITIALIZED_AUTOS = YES_AGGRESSIVE;
				GCC_WARN_UNUSED_FUNCTION = YES;
				GCC_WARN_UNUSED_VARIABLE = YES;
				IPHONEOS_DEPLOYMENT_TARGET = 10.2;
				MTL_ENABLE_DEBUG_INFO = NO;
				SDKROOT = iphoneos;
				SWIFT_OPTIMIZATION_LEVEL = "-Owholemodule";
				VALIDATE_PRODUCT = YES;
			};
			name = Release;
		};
		6909D0171EC278EB00EB774B /* Debug */ = {
			isa = XCBuildConfiguration;
			baseConfigurationReference = 5365234E64FB852A07446AEE /* Pods-GrailedChallenge.debug.xcconfig */;
			buildSettings = {
				ASSETCATALOG_COMPILER_APPICON_NAME = AppIcon;
				DEVELOPMENT_TEAM = P29986982Q;
				INFOPLIST_FILE = GrailedChallenge/Info.plist;
				LD_RUNPATH_SEARCH_PATHS = "$(inherited) @executable_path/Frameworks";
				PRODUCT_BUNDLE_IDENTIFIER = com.jay.GrailedChallenge;
				PRODUCT_NAME = "$(TARGET_NAME)";
				SWIFT_VERSION = 3.0;
			};
			name = Debug;
		};
		6909D0181EC278EB00EB774B /* Release */ = {
			isa = XCBuildConfiguration;
			baseConfigurationReference = 524E37A9C4758C51072C5DF9 /* Pods-GrailedChallenge.release.xcconfig */;
			buildSettings = {
				ASSETCATALOG_COMPILER_APPICON_NAME = AppIcon;
				DEVELOPMENT_TEAM = P29986982Q;
				INFOPLIST_FILE = GrailedChallenge/Info.plist;
				LD_RUNPATH_SEARCH_PATHS = "$(inherited) @executable_path/Frameworks";
				PRODUCT_BUNDLE_IDENTIFIER = com.jay.GrailedChallenge;
				PRODUCT_NAME = "$(TARGET_NAME)";
				SWIFT_VERSION = 3.0;
			};
			name = Release;
		};
		6909D01A1EC278EB00EB774B /* Debug */ = {
			isa = XCBuildConfiguration;
			baseConfigurationReference = 2E5EC5D1B35B5A2242C0632E /* Pods-GrailedChallengeTests.debug.xcconfig */;
			buildSettings = {
				ALWAYS_EMBED_SWIFT_STANDARD_LIBRARIES = YES;
				BUNDLE_LOADER = "$(TEST_HOST)";
				DEVELOPMENT_TEAM = P29986982Q;
				INFOPLIST_FILE = GrailedChallengeTests/Info.plist;
				LD_RUNPATH_SEARCH_PATHS = "$(inherited) @executable_path/Frameworks @loader_path/Frameworks";
				PRODUCT_BUNDLE_IDENTIFIER = com.jay.GrailedChallengeTests;
				PRODUCT_NAME = "$(TARGET_NAME)";
				SWIFT_VERSION = 3.0;
				TEST_HOST = "$(BUILT_PRODUCTS_DIR)/GrailedChallenge.app/GrailedChallenge";
			};
			name = Debug;
		};
		6909D01B1EC278EB00EB774B /* Release */ = {
			isa = XCBuildConfiguration;
			baseConfigurationReference = 70E6DC86D9E92F730A491223 /* Pods-GrailedChallengeTests.release.xcconfig */;
			buildSettings = {
				ALWAYS_EMBED_SWIFT_STANDARD_LIBRARIES = YES;
				BUNDLE_LOADER = "$(TEST_HOST)";
				DEVELOPMENT_TEAM = P29986982Q;
				INFOPLIST_FILE = GrailedChallengeTests/Info.plist;
				LD_RUNPATH_SEARCH_PATHS = "$(inherited) @executable_path/Frameworks @loader_path/Frameworks";
				PRODUCT_BUNDLE_IDENTIFIER = com.jay.GrailedChallengeTests;
				PRODUCT_NAME = "$(TARGET_NAME)";
				SWIFT_VERSION = 3.0;
				TEST_HOST = "$(BUILT_PRODUCTS_DIR)/GrailedChallenge.app/GrailedChallenge";
			};
			name = Release;
		};
/* End XCBuildConfiguration section */

/* Begin XCConfigurationList section */
		6909CFF41EC278EA00EB774B /* Build configuration list for PBXProject "GrailedChallenge" */ = {
			isa = XCConfigurationList;
			buildConfigurations = (
				6909D0141EC278EB00EB774B /* Debug */,
				6909D0151EC278EB00EB774B /* Release */,
			);
			defaultConfigurationIsVisible = 0;
			defaultConfigurationName = Release;
		};
		6909D0161EC278EB00EB774B /* Build configuration list for PBXNativeTarget "GrailedChallenge" */ = {
			isa = XCConfigurationList;
			buildConfigurations = (
				6909D0171EC278EB00EB774B /* Debug */,
				6909D0181EC278EB00EB774B /* Release */,
			);
			defaultConfigurationIsVisible = 0;
			defaultConfigurationName = Release;
		};
		6909D0191EC278EB00EB774B /* Build configuration list for PBXNativeTarget "GrailedChallengeTests" */ = {
			isa = XCConfigurationList;
			buildConfigurations = (
				6909D01A1EC278EB00EB774B /* Debug */,
				6909D01B1EC278EB00EB774B /* Release */,
			);
			defaultConfigurationIsVisible = 0;
			defaultConfigurationName = Release;
		};
/* End XCConfigurationList section */
	};
	rootObject = 6909CFF11EC278EA00EB774B /* Project object */;
}
